
Microsoft Visual Studio Solution File, Format Version 12.00
Project("{2150E333-8FDC-42A3-9474-1A3956D46DE8}") = "Application", "Application", "{B369F571-AB10-4492-B88B-6F6DDA96713A}"
EndProject
Project("{FAE04EC0-301F-11D3-BF4B-00C04F79EFBC}") = "Presentation", "Presentation\Presentation.csproj", "{E52AF2B3-12A7-421F-BCBE-609090E5FC65}"
EndProject
Project("{FAE04EC0-301F-11D3-BF4B-00C04F79EFBC}") = "Domain", "Domain\Domain.csproj", "{6AAF76F3-FD0D-4D18-85AA-8D84A2356755}"
EndProject
Project("{FAE04EC0-301F-11D3-BF4B-00C04F79EFBC}") = "DataAccess", "DataAccess\DataAccess.csproj", "{E56AA7BA-7A22-4117-AB8F-D074A9DAA4DC}"
EndProject
Project("{FAE04EC0-301F-11D3-BF4B-00C04F79EFBC}") = "Application", "Application\Application\Application.csproj", "{C2F433E4-CFA8-48EB-9C07-83E67D06D80B}"
EndProject
Project("{FAE04EC0-301F-11D3-BF4B-00C04F79EFBC}") = "Application.Abstractions", "Application\Application.Abstractions\Application.Abstractions.csproj", "{0D5D8CB1-D3F7-4D05-87D9-CFB5CAC59937}"
EndProject
Project("{FAE04EC0-301F-11D3-BF4B-00C04F79EFBC}") = "Application.Contracts", "Application\Application.Contracts\Application.Contracts.csproj", "{EF722911-E521-4E2E-9B3D-29E9FCEAC340}"
EndProject
Project("{FAE04EC0-301F-11D3-BF4B-00C04F79EFBC}") = "Application.Dto", "Application\Application.Dto\Application.Dto.csproj", "{5FC841A2-C717-4D24-8EE7-D63D0AB99AEA}"
EndProject
Global
	GlobalSection(SolutionConfigurationPlatforms) = preSolution
		Debug|Any CPU = Debug|Any CPU
		Release|Any CPU = Release|Any CPU
	EndGlobalSection
	GlobalSection(NestedProjects) = preSolution
		{C2F433E4-CFA8-48EB-9C07-83E67D06D80B} = {B369F571-AB10-4492-B88B-6F6DDA96713A}
		{0D5D8CB1-D3F7-4D05-87D9-CFB5CAC59937} = {B369F571-AB10-4492-B88B-6F6DDA96713A}
		{EF722911-E521-4E2E-9B3D-29E9FCEAC340} = {B369F571-AB10-4492-B88B-6F6DDA96713A}
		{5FC841A2-C717-4D24-8EE7-D63D0AB99AEA} = {B369F571-AB10-4492-B88B-6F6DDA96713A}
	EndGlobalSection
	GlobalSection(ProjectConfigurationPlatforms) = postSolution
		{E52AF2B3-12A7-421F-BCBE-609090E5FC65}.Debug|Any CPU.ActiveCfg = Debug|Any CPU
		{E52AF2B3-12A7-421F-BCBE-609090E5FC65}.Debug|Any CPU.Build.0 = Debug|Any CPU
		{E52AF2B3-12A7-421F-BCBE-609090E5FC65}.Release|Any CPU.ActiveCfg = Release|Any CPU
		{E52AF2B3-12A7-421F-BCBE-609090E5FC65}.Release|Any CPU.Build.0 = Release|Any CPU
		{6AAF76F3-FD0D-4D18-85AA-8D84A2356755}.Debug|Any CPU.ActiveCfg = Debug|Any CPU
		{6AAF76F3-FD0D-4D18-85AA-8D84A2356755}.Debug|Any CPU.Build.0 = Debug|Any CPU
		{6AAF76F3-FD0D-4D18-85AA-8D84A2356755}.Release|Any CPU.ActiveCfg = Release|Any CPU
		{6AAF76F3-FD0D-4D18-85AA-8D84A2356755}.Release|Any CPU.Build.0 = Release|Any CPU
		{E56AA7BA-7A22-4117-AB8F-D074A9DAA4DC}.Debug|Any CPU.ActiveCfg = Debug|Any CPU
		{E56AA7BA-7A22-4117-AB8F-D074A9DAA4DC}.Debug|Any CPU.Build.0 = Debug|Any CPU
		{E56AA7BA-7A22-4117-AB8F-D074A9DAA4DC}.Release|Any CPU.ActiveCfg = Release|Any CPU
		{E56AA7BA-7A22-4117-AB8F-D074A9DAA4DC}.Release|Any CPU.Build.0 = Release|Any CPU
		{C2F433E4-CFA8-48EB-9C07-83E67D06D80B}.Debug|Any CPU.ActiveCfg = Debug|Any CPU
		{C2F433E4-CFA8-48EB-9C07-83E67D06D80B}.Debug|Any CPU.Build.0 = Debug|Any CPU
		{C2F433E4-CFA8-48EB-9C07-83E67D06D80B}.Release|Any CPU.ActiveCfg = Release|Any CPU
		{C2F433E4-CFA8-48EB-9C07-83E67D06D80B}.Release|Any CPU.Build.0 = Release|Any CPU
		{0D5D8CB1-D3F7-4D05-87D9-CFB5CAC59937}.Debug|Any CPU.ActiveCfg = Debug|Any CPU
		{0D5D8CB1-D3F7-4D05-87D9-CFB5CAC59937}.Debug|Any CPU.Build.0 = Debug|Any CPU
		{0D5D8CB1-D3F7-4D05-87D9-CFB5CAC59937}.Release|Any CPU.ActiveCfg = Release|Any CPU
		{0D5D8CB1-D3F7-4D05-87D9-CFB5CAC59937}.Release|Any CPU.Build.0 = Release|Any CPU
		{EF722911-E521-4E2E-9B3D-29E9FCEAC340}.Debug|Any CPU.ActiveCfg = Debug|Any CPU
		{EF722911-E521-4E2E-9B3D-29E9FCEAC340}.Debug|Any CPU.Build.0 = Debug|Any CPU
		{EF722911-E521-4E2E-9B3D-29E9FCEAC340}.Release|Any CPU.ActiveCfg = Release|Any CPU
		{EF722911-E521-4E2E-9B3D-29E9FCEAC340}.Release|Any CPU.Build.0 = Release|Any CPU
		{5FC841A2-C717-4D24-8EE7-D63D0AB99AEA}.Debug|Any CPU.ActiveCfg = Debug|Any CPU
		{5FC841A2-C717-4D24-8EE7-D63D0AB99AEA}.Debug|Any CPU.Build.0 = Debug|Any CPU
		{5FC841A2-C717-4D24-8EE7-D63D0AB99AEA}.Release|Any CPU.ActiveCfg = Release|Any CPU
		{5FC841A2-C717-4D24-8EE7-D63D0AB99AEA}.Release|Any CPU.Build.0 = Release|Any CPU
	EndGlobalSection
EndGlobal
